version = 1
revision = 3
requires-python = ">=3.12"

[[package]]
name = "asgiref"
version = "3.11.0"
source = { registry = "https://pypi.org/simple" }
sdist = { url = "https://files.pythonhosted.org/packages/76/b9/4db2509eabd14b4a8c71d1b24c8d5734c52b8560a7b1e1a8b56c8d25568b/asgiref-3.11.0.tar.gz", hash = "sha256:13acff32519542a1736223fb79a715acdebe24286d98e8b164a73085f40da2c4", size = 37969, upload-time = "2025-11-19T15:32:20.106Z" }
wheels = [
    { url = "https://files.pythonhosted.org/packages/91/be/317c2c55b8bbec407257d45f5c8d1b6867abc76d12043f2d3d58c538a4ea/asgiref-3.11.0-py3-none-any.whl", hash = "sha256:1db9021efadb0d9512ce8ffaf72fcef601c7b73a8807a1bb2ef143dc6b14846d", size = 24096, upload-time = "2025-11-19T15:32:19.004Z" },
]

[[package]]
name = "digi-dynamics"
version = "0.1.0"
source = { virtual = "." }
dependencies = [
    { name = "django" },
    { name = "mysql-connector-python" },
    { name = "python-decouple" },
]

[package.metadata]
requires-dist = [
    { name = "django", specifier = ">=6.0" },
    { name = "mysql-connector-python", specifier = ">=9.5.0" },
    { name = "python-decouple", specifier = ">=3.8" },
]

[[package]]
name = "django"
version = "6.0"
source = { registry = "https://pypi.org/simple" }
dependencies = [
    { name = "asgiref" },
    { name = "sqlparse" },
    { name = "tzdata", marker = "sys_platform == 'win32'" },
]
sdist = { url = "https://files.pythonhosted.org/packages/15/75/19762bfc4ea556c303d9af8e36f0cd910ab17dff6c8774644314427a2120/django-6.0.tar.gz", hash = "sha256:7b0c1f50c0759bbe6331c6a39c89ae022a84672674aeda908784617ef47d8e26", size = 10932418, upload-time = "2025-12-03T16:26:21.878Z" }
wheels = [
    { url = "https://files.pythonhosted.org/packages/d7/ae/f19e24789a5ad852670d6885f5480f5e5895576945fcc01817dfd9bc002a/django-6.0-py3-none-any.whl", hash = "sha256:1cc2c7344303bbfb7ba5070487c17f7fc0b7174bbb0a38cebf03c675f5f19b6d", size = 8339181, upload-time = "2025-12-03T16:26:16.231Z" },
]

[[package]]
name = "mysql-connector-python"
version = "9.5.0"
source = { registry = "https://pypi.org/simple" }
sdist = { url = "https://files.pythonhosted.org/packages/39/33/b332b001bc8c5ee09255a0d4b09a254da674450edd6a3e5228b245ca82a0/mysql_connector_python-9.5.0.tar.gz", hash = "sha256:92fb924285a86d8c146ebd63d94f9eaefa548da7813bc46271508fdc6cc1d596", size = 12251077, upload-time = "2025-10-22T09:05:45.423Z" }
wheels = [
    { url = "https://files.pythonhosted.org/packages/02/89/167ebee82f4b01ba7339c241c3cc2518886a2be9f871770a1efa81b940a0/mysql_connector_python-9.5.0-cp312-cp312-macosx_14_0_arm64.whl", hash = "sha256:a72c2ef9d50b84f3c567c31b3bf30901af740686baa2a4abead5f202e0b7ea61", size = 17581904, upload-time = "2025-10-22T09:01:53.21Z" },
    { url = "https://files.pythonhosted.org/packages/67/46/630ca969ce10b30fdc605d65dab4a6157556d8cc3b77c724f56c2d83cb79/mysql_connector_python-9.5.0-cp312-cp312-macosx_14_0_x86_64.whl", hash = "sha256:bd9ba5a946cfd3b3b2688a75135357e862834b0321ed936fd968049be290872b", size = 18448195, upload-time = "2025-10-22T09:01:55.378Z" },
    { url = "https://files.pythonhosted.org/packages/f6/87/4c421f41ad169d8c9065ad5c46673c7af889a523e4899c1ac1d6bfd37262/mysql_connector_python-9.5.0-cp312-cp312-manylinux_2_28_aarch64.whl", hash = "sha256:5ef7accbdf8b5f6ec60d2a1550654b7e27e63bf6f7b04020d5fb4191fb02bc4d", size = 33668638, upload-time = "2025-10-22T09:01:57.896Z" },
    { url = "https://files.pythonhosted.org/packages/a6/01/67cf210d50bfefbb9224b9a5c465857c1767388dade1004c903c8e22a991/mysql_connector_python-9.5.0-cp312-cp312-manylinux_2_28_x86_64.whl", hash = "sha256:a6e0a4a0274d15e3d4c892ab93f58f46431222117dba20608178dfb2cc4d5fd8", size = 34102899, upload-time = "2025-10-22T09:02:00.291Z" },
    { url = "https://files.pythonhosted.org/packages/cd/ef/3d1a67d503fff38cc30e11d111cf28f0976987fb175f47b10d44494e1080/mysql_connector_python-9.5.0-cp312-cp312-win_amd64.whl", hash = "sha256:b6c69cb37600b7e22f476150034e2afbd53342a175e20aea887f8158fc5e3ff6", size = 16512684, upload-time = "2025-10-22T09:02:02.411Z" },
    { url = "https://files.pythonhosted.org/packages/72/18/f221aeac49ce94ac119a427afbd51fe1629d48745b571afc0de49647b528/mysql_connector_python-9.5.0-cp313-cp313-macosx_14_0_arm64.whl", hash = "sha256:1f5f7346b0d5edb2e994c1bd77b3f5eed88b0ca368ad6788d1012c7e56d7bf68", size = 17581933, upload-time = "2025-10-22T09:02:04.396Z" },
    { url = "https://files.pythonhosted.org/packages/de/8e/14d44db7353350006a12e46d61c3a995bba06acd7547fc78f9bb32611e0c/mysql_connector_python-9.5.0-cp313-cp313-macosx_14_0_x86_64.whl", hash = "sha256:07bf52591b4215cb4318b4617c327a6d84c31978c11e3255f01a627bcda2618e", size = 18448446, upload-time = "2025-10-22T09:02:06.399Z" },
    { url = "https://files.pythonhosted.org/packages/6b/f5/ab306f292a99bff3544ff44ad53661a031dc1a11e5b1ad64b9e5b5290ef9/mysql_connector_python-9.5.0-cp313-cp313-manylinux_2_28_aarch64.whl", hash = "sha256:8972c1f960b30d487f34f9125ec112ea2b3200bd02c53e5e32ee7a43be6d64c1", size = 33668933, upload-time = "2025-10-22T09:02:08.785Z" },
    { url = "https://files.pythonhosted.org/packages/e8/ee/d146d2642552ebb5811cf551f06aca7da536c80b18fb6c75bdbc29723388/mysql_connector_python-9.5.0-cp313-cp313-manylinux_2_28_x86_64.whl", hash = "sha256:f6d32d7aa514d2f6f8709ba1e018314f82ab2acea2e6af30d04c1906fe9171b9", size = 34103214, upload-time = "2025-10-22T09:02:11.657Z" },
    { url = "https://files.pythonhosted.org/packages/e7/f8/5e88e5eda1fe58f7d146b73744f691d85dce76fb42e7ce3de53e49911da3/mysql_connector_python-9.5.0-cp313-cp313-win_amd64.whl", hash = "sha256:edd47048eb65c196b28aa9d2c0c6a017d8ca084a9a7041cd317301c829eb5a05", size = 16512689, upload-time = "2025-10-22T09:02:14.167Z" },
    { url = "https://files.pythonhosted.org/packages/14/42/52bef145028af1b8e633eb77773278a04b2cd9f824117209aba093018445/mysql_connector_python-9.5.0-cp314-cp314-macosx_14_0_arm64.whl", hash = "sha256:6effda35df1a96d9a096f04468d40f2324ea36b34d0e9632e81daae8be97b308", size = 17581903, upload-time = "2025-10-22T09:02:16.441Z" },
    { url = "https://files.pythonhosted.org/packages/f4/a6/bd800b42bde86bf2e9468dfabcbd7538c66daff9d1a9fc97d2cc897f96fa/mysql_connector_python-9.5.0-cp314-cp314-macosx_14_0_x86_64.whl", hash = "sha256:fd057bd042464eedbf5337d1ceea7f2a4ab075a1cf6d1d62ffd5184966a656dd", size = 18448394, upload-time = "2025-10-22T09:02:18.436Z" },
    { url = "https://files.pythonhosted.org/packages/4a/21/a1a3247775d0dfee094499cb915560755eaa1013ac3b03e34a98b0e16e49/mysql_connector_python-9.5.0-cp314-cp314-manylinux_2_28_aarch64.whl", hash = "sha256:2797dd7bbefb1d1669d984cfb284ea6b34401bbd9c1b3bf84e646d0bd3a82197", size = 33669845, upload-time = "2025-10-22T09:02:20.966Z" },
    { url = "https://files.pythonhosted.org/packages/58/b7/dcab48349ab8abafd6f40f113101549e0cf107e43dd9c7e1fae79799604b/mysql_connector_python-9.5.0-cp314-cp314-manylinux_2_28_x86_64.whl", hash = "sha256:a5fff063ed48281b7374a4da6b9ef4293d390c153f79b1589ee547ea08c92310", size = 34104103, upload-time = "2025-10-22T09:02:23.469Z" },
    { url = "https://files.pythonhosted.org/packages/21/3a/be129764fe5f5cd89a5aa3f58e7a7471284715f4af71097a980d24ebec0a/mysql_connector_python-9.5.0-cp314-cp314-win_amd64.whl", hash = "sha256:56104693478fd447886c470a6d0558ded0fe2577df44c18232a6af6a2bbdd3e9", size = 17001255, upload-time = "2025-10-22T09:02:25.765Z" },
    { url = "https://files.pythonhosted.org/packages/95/e1/45373c06781340c7b74fe9b88b85278ac05321889a307eaa5be079a997d4/mysql_connector_python-9.5.0-py2.py3-none-any.whl", hash = "sha256:ace137b88eb6fdafa1e5b2e03ac76ce1b8b1844b3a4af1192a02ae7c1a45bdee", size = 479047, upload-time = "2025-10-22T09:02:27.809Z" },
]

[[package]]
name = "python-decouple"
version = "3.8"
source = { registry = "https://pypi.org/simple" }
sdist = { url = "https://files.pythonhosted.org/packages/e1/97/373dcd5844ec0ea5893e13c39a2c67e7537987ad8de3842fe078db4582fa/python-decouple-3.8.tar.gz", hash = "sha256:ba6e2657d4f376ecc46f77a3a615e058d93ba5e465c01bbe57289bfb7cce680f", size = 9612, upload-time = "2023-03-01T19:38:38.143Z" }
wheels = [
    { url = "https://files.pythonhosted.org/packages/a2/d4/9193206c4563ec771faf2ccf54815ca7918529fe81f6adb22ee6d0e06622/python_decouple-3.8-py3-none-any.whl", hash = "sha256:d0d45340815b25f4de59c974b855bb38d03151d81b037d9e3f463b0c9f8cbd66", size = 9947, upload-time = "2023-03-01T19:38:36.015Z" },
]

[[package]]
name = "sqlparse"
version = "0.5.5"
source = { registry = "https://pypi.org/simple" }
sdist = { url = "https://files.pythonhosted.org/packages/90/76/437d71068094df0726366574cf3432a4ed754217b436eb7429415cf2d480/sqlparse-0.5.5.tar.gz", hash = "sha256:e20d4a9b0b8585fdf63b10d30066c7c94c5d7a7ec47c889a2d83a3caa93ff28e", size = 120815, upload-time = "2025-12-19T07:17:45.073Z" }
wheels = [
    { url = "https://files.pythonhosted.org/packages/49/4b/359f28a903c13438ef59ebeee215fb25da53066db67b305c125f1c6d2a25/sqlparse-0.5.5-py3-none-any.whl", hash = "sha256:12a08b3bf3eec877c519589833aed092e2444e68240a3577e8e26148acc7b1ba", size = 46138, upload-time = "2025-12-19T07:17:46.573Z" },
]

[[package]]
name = "tzdata"
version = "2025.3"
source = { registry = "https://pypi.org/simple" }
sdist = { url = "https://files.pythonhosted.org/packages/5e/a7/c202b344c5ca7daf398f3b8a477eeb205cf3b6f32e7ec3a6bac0629ca975/tzdata-2025.3.tar.gz", hash = "sha256:de39c2ca5dc7b0344f2eba86f49d614019d29f060fc4ebc8a417896a620b56a7", size = 196772, upload-time = "2025-12-13T17:45:35.667Z" }
wheels = [
    { url = "https://files.pythonhosted.org/packages/c7/b0/003792df09decd6849a5e39c28b513c06e84436a54440380862b5aeff25d/tzdata-2025.3-py2.py3-none-any.whl", hash = "sha256:06a47e5700f3081aab02b2e513160914ff0694bce9947d6b76ebd6bf57cfc5d1", size = 348521, upload-time = "2025-12-13T17:45:33.889Z" },
]
